
Microsoft Visual Studio Solution File, Format Version 12.00
# Visual Studio Version 17
VisualStudioVersion = 17.11.35219.272
MinimumVisualStudioVersion = 10.0.40219.1
Project("{FAE04EC0-301F-11D3-BF4B-00C04F79EFBC}") = "POOcalculaIdade", "POOcalculaIdade\POOcalculaIdade.csproj", "{5BA07230-2303-4123-9AA5-FCC9B0678935}"
EndProject
Global
	GlobalSection(SolutionConfigurationPlatforms) = preSolution
		Debug|Any CPU = Debug|Any CPU
		Release|Any CPU = Release|Any CPU
	EndGlobalSection
	GlobalSection(ProjectConfigurationPlatforms) = postSolution
		{5BA07230-2303-4123-9AA5-FCC9B0678935}.Debug|Any CPU.ActiveCfg = Debug|Any CPU
		{5BA07230-2303-4123-9AA5-FCC9B0678935}.Debug|Any CPU.Build.0 = Debug|Any CPU
		{5BA07230-2303-4123-9AA5-FCC9B0678935}.Release|Any CPU.ActiveCfg = Release|Any CPU
		{5BA07230-2303-4123-9AA5-FCC9B0678935}.Release|Any CPU.Build.0 = Release|Any CPU
	EndGlobalSection
	GlobalSection(SolutionProperties) = preSolution
		HideSolutionNode = FALSE
	EndGlobalSection
	GlobalSection(ExtensibilityGlobals) = postSolution
		SolutionGuid = {090BCD99-0693-4D29-8467-DD1F333620CE}
	EndGlobalSection
EndGlobal
