
Microsoft Visual Studio Solution File, Format Version 12.00
# Visual Studio Version 17
VisualStudioVersion = 17.11.35219.272
MinimumVisualStudioVersion = 10.0.40219.1
Project("{FAE04EC0-301F-11D3-BF4B-00C04F79EFBC}") = "ControleDeAnimais", "ControleDeAnimais\ControleDeAnimais.csproj", "{382F50C7-E6B3-4C11-80F0-CAED2312B54B}"
EndProject
Global
	GlobalSection(SolutionConfigurationPlatforms) = preSolution
		Debug|Any CPU = Debug|Any CPU
		Release|Any CPU = Release|Any CPU
	EndGlobalSection
	GlobalSection(ProjectConfigurationPlatforms) = postSolution
		{382F50C7-E6B3-4C11-80F0-CAED2312B54B}.Debug|Any CPU.ActiveCfg = Debug|Any CPU
		{382F50C7-E6B3-4C11-80F0-CAED2312B54B}.Debug|Any CPU.Build.0 = Debug|Any CPU
		{382F50C7-E6B3-4C11-80F0-CAED2312B54B}.Release|Any CPU.ActiveCfg = Release|Any CPU
		{382F50C7-E6B3-4C11-80F0-CAED2312B54B}.Release|Any CPU.Build.0 = Release|Any CPU
	EndGlobalSection
	GlobalSection(SolutionProperties) = preSolution
		HideSolutionNode = FALSE
	EndGlobalSection
	GlobalSection(ExtensibilityGlobals) = postSolution
		SolutionGuid = {556B442A-2720-41C3-933A-B0184C1705F0}
	EndGlobalSection
EndGlobal
